// !$*UTF8*$!
{
	archiveVersion = 1;
	classes = {
	};
	objectVersion = 56;
	objects = {

/* Begin PBXBuildFile section */
		2912EF422B1636A400D7F4ED /* ViewController2.swift in Sources */ = {isa = PBXBuildFile; fileRef = 2912EF412B1636A400D7F4ED /* ViewController2.swift */; };
		2912EF462B163F6F00D7F4ED /* CollectionViewCell.swift in Sources */ = {isa = PBXBuildFile; fileRef = 2912EF452B163F6F00D7F4ED /* CollectionViewCell.swift */; };
		2982F0E32B21BBF700EBC049 /* ViewController3.swift in Sources */ = {isa = PBXBuildFile; fileRef = 2982F0E22B21BBF700EBC049 /* ViewController3.swift */; };
		9381C1D2212AE0DF14336F49 /* Pods_ProyekiOS.framework in Frameworks */ = {isa = PBXBuildFile; fileRef = 651C7E5FD7E45AD8E8B929CB /* Pods_ProyekiOS.framework */; };
		E886F97E2B1079A0001F7A32 /* AppDelegate.swift in Sources */ = {isa = PBXBuildFile; fileRef = E886F97D2B1079A0001F7A32 /* AppDelegate.swift */; };
		E886F9802B1079A0001F7A32 /* SceneDelegate.swift in Sources */ = {isa = PBXBuildFile; fileRef = E886F97F2B1079A0001F7A32 /* SceneDelegate.swift */; };
		E886F9822B1079A0001F7A32 /* ViewController.swift in Sources */ = {isa = PBXBuildFile; fileRef = E886F9812B1079A0001F7A32 /* ViewController.swift */; };
		E886F9852B1079A0001F7A32 /* Main.storyboard in Resources */ = {isa = PBXBuildFile; fileRef = E886F9832B1079A0001F7A32 /* Main.storyboard */; };
		E886F9872B1079A2001F7A32 /* Assets.xcassets in Resources */ = {isa = PBXBuildFile; fileRef = E886F9862B1079A2001F7A32 /* Assets.xcassets */; };
		E886F98A2B1079A2001F7A32 /* LaunchScreen.storyboard in Resources */ = {isa = PBXBuildFile; fileRef = E886F9882B1079A2001F7A32 /* LaunchScreen.storyboard */; };
		E886F9922B107A29001F7A32 /* GoogleService-Info.plist in Resources */ = {isa = PBXBuildFile; fileRef = E886F9912B107A29001F7A32 /* GoogleService-Info.plist */; };
/* End PBXBuildFile section */

/* Begin PBXFileReference section */
		2912EF412B1636A400D7F4ED /* ViewController2.swift */ = {isa = PBXFileReference; lastKnownFileType = sourcecode.swift; path = ViewController2.swift; sourceTree = "<group>"; };
		2912EF452B163F6F00D7F4ED /* CollectionViewCell.swift */ = {isa = PBXFileReference; lastKnownFileType = sourcecode.swift; path = CollectionViewCell.swift; sourceTree = "<group>"; };
		2982F0E22B21BBF700EBC049 /* ViewController3.swift */ = {isa = PBXFileReference; lastKnownFileType = sourcecode.swift; path = ViewController3.swift; sourceTree = "<group>"; };
		5835702400A436F7F8534EEB /* Pods-ProyekiOS.debug.xcconfig */ = {isa = PBXFileReference; includeInIndex = 1; lastKnownFileType = text.xcconfig; name = "Pods-ProyekiOS.debug.xcconfig"; path = "Target Support Files/Pods-ProyekiOS/Pods-ProyekiOS.debug.xcconfig"; sourceTree = "<group>"; };
		651C7E5FD7E45AD8E8B929CB /* Pods_ProyekiOS.framework */ = {isa = PBXFileReference; explicitFileType = wrapper.framework; includeInIndex = 0; path = Pods_ProyekiOS.framework; sourceTree = BUILT_PRODUCTS_DIR; };
		C0A6097CE2D60D2B8F644310 /* Pods-ProyekiOS.release.xcconfig */ = {isa = PBXFileReference; includeInIndex = 1; lastKnownFileType = text.xcconfig; name = "Pods-ProyekiOS.release.xcconfig"; path = "Target Support Files/Pods-ProyekiOS/Pods-ProyekiOS.release.xcconfig"; sourceTree = "<group>"; };
		E886F97A2B1079A0001F7A32 /* ProyekiOS.app */ = {isa = PBXFileReference; explicitFileType = wrapper.application; includeInIndex = 0; path = ProyekiOS.app; sourceTree = BUILT_PRODUCTS_DIR; };
		E886F97D2B1079A0001F7A32 /* AppDelegate.swift */ = {isa = PBXFileReference; lastKnownFileType = sourcecode.swift; path = AppDelegate.swift; sourceTree = "<group>"; };
		E886F97F2B1079A0001F7A32 /* SceneDelegate.swift */ = {isa = PBXFileReference; lastKnownFileType = sourcecode.swift; path = SceneDelegate.swift; sourceTree = "<group>"; };
		E886F9812B1079A0001F7A32 /* ViewController.swift */ = {isa = PBXFileReference; lastKnownFileType = sourcecode.swift; path = ViewController.swift; sourceTree = "<group>"; };
		E886F9842B1079A0001F7A32 /* Base */ = {isa = PBXFileReference; lastKnownFileType = file.storyboard; name = Base; path = Base.lproj/Main.storyboard; sourceTree = "<group>"; };
		E886F9862B1079A2001F7A32 /* Assets.xcassets */ = {isa = PBXFileReference; lastKnownFileType = folder.assetcatalog; path = Assets.xcassets; sourceTree = "<group>"; };
		E886F9892B1079A2001F7A32 /* Base */ = {isa = PBXFileReference; lastKnownFileType = file.storyboard; name = Base; path = Base.lproj/LaunchScreen.storyboard; sourceTree = "<group>"; };
		E886F98B2B1079A2001F7A32 /* Info.plist */ = {isa = PBXFileReference; lastKnownFileType = text.plist.xml; path = Info.plist; sourceTree = "<group>"; };
		E886F9912B107A29001F7A32 /* GoogleService-Info.plist */ = {isa = PBXFileReference; fileEncoding = 4; lastKnownFileType = text.plist.xml; path = "GoogleService-Info.plist"; sourceTree = "<group>"; };
/* End PBXFileReference section */

/* Begin PBXFrameworksBuildPhase section */
		E886F9772B1079A0001F7A32 /* Frameworks */ = {
			isa = PBXFrameworksBuildPhase;
			buildActionMask = 2147483647;
			files = (
				9381C1D2212AE0DF14336F49 /* Pods_ProyekiOS.framework in Frameworks */,
			);
			runOnlyForDeploymentPostprocessing = 0;
		};
/* End PBXFrameworksBuildPhase section */

/* Begin PBXGroup section */
		D45336DB7AFC28CAC192C5AE /* Pods */ = {
			isa = PBXGroup;
			children = (
				5835702400A436F7F8534EEB /* Pods-ProyekiOS.debug.xcconfig */,
				C0A6097CE2D60D2B8F644310 /* Pods-ProyekiOS.release.xcconfig */,
			);
			path = Pods;
			sourceTree = "<group>";
		};
		E886F9712B1079A0001F7A32 = {
			isa = PBXGroup;
			children = (
				E886F97C2B1079A0001F7A32 /* ProyekiOS */,
				E886F97B2B1079A0001F7A32 /* Products */,
				D45336DB7AFC28CAC192C5AE /* Pods */,
				F363C173D92567FC20E18C45 /* Frameworks */,
			);
			sourceTree = "<group>";
		};
		E886F97B2B1079A0001F7A32 /* Products */ = {
			isa = PBXGroup;
			children = (
				E886F97A2B1079A0001F7A32 /* ProyekiOS.app */,
			);
			name = Products;
			sourceTree = "<group>";
		};
		E886F97C2B1079A0001F7A32 /* ProyekiOS */ = {
			isa = PBXGroup;
			children = (
				E886F97D2B1079A0001F7A32 /* AppDelegate.swift */,
				E886F97F2B1079A0001F7A32 /* SceneDelegate.swift */,
				E886F9812B1079A0001F7A32 /* ViewController.swift */,
				2982F0E22B21BBF700EBC049 /* ViewController3.swift */,
				2912EF412B1636A400D7F4ED /* ViewController2.swift */,
				E886F9832B1079A0001F7A32 /* Main.storyboard */,
				2912EF452B163F6F00D7F4ED /* CollectionViewCell.swift */,
				E886F9862B1079A2001F7A32 /* Assets.xcassets */,
				E886F9882B1079A2001F7A32 /* LaunchScreen.storyboard */,
				E886F98B2B1079A2001F7A32 /* Info.plist */,
				E886F9912B107A29001F7A32 /* GoogleService-Info.plist */,
			);
			path = ProyekiOS;
			sourceTree = "<group>";
		};
		F363C173D92567FC20E18C45 /* Frameworks */ = {
			isa = PBXGroup;
			children = (
				651C7E5FD7E45AD8E8B929CB /* Pods_ProyekiOS.framework */,
			);
			name = Frameworks;
			sourceTree = "<group>";
		};
/* End PBXGroup section */

/* Begin PBXNativeTarget section */
		E886F9792B1079A0001F7A32 /* ProyekiOS */ = {
			isa = PBXNativeTarget;
			buildConfigurationList = E886F98E2B1079A2001F7A32 /* Build configuration list for PBXNativeTarget "ProyekiOS" */;
			buildPhases = (
				81A8A77DBC1871C09D0BC7E7 /* [CP] Check Pods Manifest.lock */,
				E886F9762B1079A0001F7A32 /* Sources */,
				E886F9772B1079A0001F7A32 /* Frameworks */,
				E886F9782B1079A0001F7A32 /* Resources */,
				2C01A06E071CE3BB4D559C12 /* [CP] Embed Pods Frameworks */,
			);
			buildRules = (
			);
			dependencies = (
			);
			name = ProyekiOS;
			productName = ProyekiOS;
			productReference = E886F97A2B1079A0001F7A32 /* ProyekiOS.app */;
			productType = "com.apple.product-type.application";
		};
/* End PBXNativeTarget section */

/* Begin PBXProject section */
		E886F9722B1079A0001F7A32 /* Project object */ = {
			isa = PBXProject;
			attributes = {
				BuildIndependentTargetsInParallel = 1;
				LastSwiftUpdateCheck = 1410;
				LastUpgradeCheck = 1410;
				TargetAttributes = {
					E886F9792B1079A0001F7A32 = {
						CreatedOnToolsVersion = 14.1;
					};
				};
			};
			buildConfigurationList = E886F9752B1079A0001F7A32 /* Build configuration list for PBXProject "ProyekiOS" */;
			compatibilityVersion = "Xcode 14.0";
			developmentRegion = en;
			hasScannedForEncodings = 0;
			knownRegions = (
				en,
				Base,
			);
			mainGroup = E886F9712B1079A0001F7A32;
			productRefGroup = E886F97B2B1079A0001F7A32 /* Products */;
			projectDirPath = "";
			projectRoot = "";
			targets = (
				E886F9792B1079A0001F7A32 /* ProyekiOS */,
			);
		};
/* End PBXProject section */

/* Begin PBXResourcesBuildPhase section */
		E886F9782B1079A0001F7A32 /* Resources */ = {
			isa = PBXResourcesBuildPhase;
			buildActionMask = 2147483647;
			files = (
				E886F98A2B1079A2001F7A32 /* LaunchScreen.storyboard in Resources */,
				E886F9922B107A29001F7A32 /* GoogleService-Info.plist in Resources */,
				E886F9872B1079A2001F7A32 /* Assets.xcassets in Resources */,
				E886F9852B1079A0001F7A32 /* Main.storyboard in Resources */,
			);
			runOnlyForDeploymentPostprocessing = 0;
		};
/* End PBXResourcesBuildPhase section */

/* Begin PBXShellScriptBuildPhase section */
		2C01A06E071CE3BB4D559C12 /* [CP] Embed Pods Frameworks */ = {
			isa = PBXShellScriptBuildPhase;
			buildActionMask = 2147483647;
			files = (
			);
			inputFileListPaths = (
				"${PODS_ROOT}/Target Support Files/Pods-ProyekiOS/Pods-ProyekiOS-frameworks-${CONFIGURATION}-input-files.xcfilelist",
			);
			name = "[CP] Embed Pods Frameworks";
			outputFileListPaths = (
				"${PODS_ROOT}/Target Support Files/Pods-ProyekiOS/Pods-ProyekiOS-frameworks-${CONFIGURATION}-output-files.xcfilelist",
			);
			runOnlyForDeploymentPostprocessing = 0;
			shellPath = /bin/sh;
			shellScript = "\"${PODS_ROOT}/Target Support Files/Pods-ProyekiOS/Pods-ProyekiOS-frameworks.sh\"\n";
			showEnvVarsInLog = 0;
		};
		81A8A77DBC1871C09D0BC7E7 /* [CP] Check Pods Manifest.lock */ = {
			isa = PBXShellScriptBuildPhase;
			buildActionMask = 2147483647;
			files = (
			);
			inputFileListPaths = (
			);
			inputPaths = (
				"${PODS_PODFILE_DIR_PATH}/Podfile.lock",
				"${PODS_ROOT}/Manifest.lock",
			);
			name = "[CP] Check Pods Manifest.lock";
			outputFileListPaths = (
			);
			outputPaths = (
				"$(DERIVED_FILE_DIR)/Pods-ProyekiOS-checkManifestLockResult.txt",
			);
			runOnlyForDeploymentPostprocessing = 0;
			shellPath = /bin/sh;
			shellScript = "diff \"${PODS_PODFILE_DIR_PATH}/Podfile.lock\" \"${PODS_ROOT}/Manifest.lock\" > /dev/null\nif [ $? != 0 ] ; then\n    # print error to STDERR\n    echo \"error: The sandbox is not in sync with the Podfile.lock. Run 'pod install' or update your CocoaPods installation.\" >&2\n    exit 1\nfi\n# This output is used by Xcode 'outputs' to avoid re-running this script phase.\necho \"SUCCESS\" > \"${SCRIPT_OUTPUT_FILE_0}\"\n";
			showEnvVarsInLog = 0;
		};
/* End PBXShellScriptBuildPhase section */

/* Begin PBXSourcesBuildPhase section */
		E886F9762B1079A0001F7A32 /* Sources */ = {
			isa = PBXSourcesBuildPhase;
			buildActionMask = 2147483647;
			files = (
				2912EF462B163F6F00D7F4ED /* CollectionViewCell.swift in Sources */,
				E886F9822B1079A0001F7A32 /* ViewController.swift in Sources */,
				2982F0E32B21BBF700EBC049 /* ViewController3.swift in Sources */,
				2912EF422B1636A400D7F4ED /* ViewController2.swift in Sources */,
				E886F97E2B1079A0001F7A32 /* AppDelegate.swift in Sources */,
				E886F9802B1079A0001F7A32 /* SceneDelegate.swift in Sources */,
			);
			runOnlyForDeploymentPostprocessing = 0;
		};
/* End PBXSourcesBuildPhase section */

/* Begin PBXVariantGroup section */
		E886F9832B1079A0001F7A32 /* Main.storyboard */ = {
			isa = PBXVariantGroup;
			children = (
				E886F9842B1079A0001F7A32 /* Base */,
			);
			name = Main.storyboard;
			sourceTree = "<group>";
		};
		E886F9882B1079A2001F7A32 /* LaunchScreen.storyboard */ = {
			isa = PBXVariantGroup;
			children = (
				E886F9892B1079A2001F7A32 /* Base */,
			);
			name = LaunchScreen.storyboard;
			sourceTree = "<group>";
		};
/* End PBXVariantGroup section */

/* Begin XCBuildConfiguration section */
		E886F98C2B1079A2001F7A32 /* Debug */ = {
			isa = XCBuildConfiguration;
			buildSettings = {
				ALWAYS_SEARCH_USER_PATHS = NO;
				CLANG_ANALYZER_NONNULL = YES;
				CLANG_ANALYZER_NUMBER_OBJECT_CONVERSION = YES_AGGRESSIVE;
				CLANG_CXX_LANGUAGE_STANDARD = "gnu++20";
				CLANG_ENABLE_MODULES = YES;
				CLANG_ENABLE_OBJC_ARC = YES;
				CLANG_ENABLE_OBJC_WEAK = YES;
				CLANG_WARN_BLOCK_CAPTURE_AUTORELEASING = YES;
				CLANG_WARN_BOOL_CONVERSION = YES;
				CLANG_WARN_COMMA = YES;
				CLANG_WARN_CONSTANT_CONVERSION = YES;
				CLANG_WARN_DEPRECATED_OBJC_IMPLEMENTATIONS = YES;
				CLANG_WARN_DIRECT_OBJC_ISA_USAGE = YES_ERROR;
				CLANG_WARN_DOCUMENTATION_COMMENTS = YES;
				CLANG_WARN_EMPTY_BODY = YES;
				CLANG_WARN_ENUM_CONVERSION = YES;
				CLANG_WARN_INFINITE_RECURSION = YES;
				CLANG_WARN_INT_CONVERSION = YES;
				CLANG_WARN_NON_LITERAL_NULL_CONVERSION = YES;
				CLANG_WARN_OBJC_IMPLICIT_RETAIN_SELF = YES;
				CLANG_WARN_OBJC_LITERAL_CONVERSION = YES;
				CLANG_WARN_OBJC_ROOT_CLASS = YES_ERROR;
				CLANG_WARN_QUOTED_INCLUDE_IN_FRAMEWORK_HEADER = YES;
				CLANG_WARN_RANGE_LOOP_ANALYSIS = YES;
				CLANG_WARN_STRICT_PROTOTYPES = YES;
				CLANG_WARN_SUSPICIOUS_MOVE = YES;
				CLANG_WARN_UNGUARDED_AVAILABILITY = YES_AGGRESSIVE;
				CLANG_WARN_UNREACHABLE_CODE = YES;
				CLANG_WARN__DUPLICATE_METHOD_MATCH = YES;
				COPY_PHASE_STRIP = NO;
				DEBUG_INFORMATION_FORMAT = dwarf;
				ENABLE_STRICT_OBJC_MSGSEND = YES;
				ENABLE_TESTABILITY = YES;
				GCC_C_LANGUAGE_STANDARD = gnu11;
				GCC_DYNAMIC_NO_PIC = NO;
				GCC_NO_COMMON_BLOCKS = YES;
				GCC_OPTIMIZATION_LEVEL = 0;
				GCC_PREPROCESSOR_DEFINITIONS = (
					"DEBUG=1",
					"$(inherited)",
				);
				GCC_WARN_64_TO_32_BIT_CONVERSION = YES;
				GCC_WARN_ABOUT_RETURN_TYPE = YES_ERROR;
				GCC_WARN_UNDECLARED_SELECTOR = YES;
				GCC_WARN_UNINITIALIZED_AUTOS = YES_AGGRESSIVE;
				GCC_WARN_UNUSED_FUNCTION = YES;
				GCC_WARN_UNUSED_VARIABLE = YES;
				IPHONEOS_DEPLOYMENT_TARGET = 16.1;
				MTL_ENABLE_DEBUG_INFO = INCLUDE_SOURCE;
				MTL_FAST_MATH = YES;
				ONLY_ACTIVE_ARCH = YES;
				SDKROOT = iphoneos;
				SWIFT_ACTIVE_COMPILATION_CONDITIONS = DEBUG;
				SWIFT_OPTIMIZATION_LEVEL = "-Onone";
			};
			name = Debug;
		};
		E886F98D2B1079A2001F7A32 /* Release */ = {
			isa = XCBuildConfiguration;
			buildSettings = {
				ALWAYS_SEARCH_USER_PATHS = NO;
				CLANG_ANALYZER_NONNULL = YES;
				CLANG_ANALYZER_NUMBER_OBJECT_CONVERSION = YES_AGGRESSIVE;
				CLANG_CXX_LANGUAGE_STANDARD = "gnu++20";
				CLANG_ENABLE_MODULES = YES;
				CLANG_ENABLE_OBJC_ARC = YES;
				CLANG_ENABLE_OBJC_WEAK = YES;
				CLANG_WARN_BLOCK_CAPTURE_AUTORELEASING = YES;
				CLANG_WARN_BOOL_CONVERSION = YES;
				CLANG_WARN_COMMA = YES;
				CLANG_WARN_CONSTANT_CONVERSION = YES;
				CLANG_WARN_DEPRECATED_OBJC_IMPLEMENTATIONS = YES;
				CLANG_WARN_DIRECT_OBJC_ISA_USAGE = YES_ERROR;
				CLANG_WARN_DOCUMENTATION_COMMENTS = YES;
				CLANG_WARN_EMPTY_BODY = YES;
				CLANG_WARN_ENUM_CONVERSION = YES;
				CLANG_WARN_INFINITE_RECURSION = YES;
				CLANG_WARN_INT_CONVERSION = YES;
				CLANG_WARN_NON_LITERAL_NULL_CONVERSION = YES;
				CLANG_WARN_OBJC_IMPLICIT_RETAIN_SELF = YES;
				CLANG_WARN_OBJC_LITERAL_CONVERSION = YES;
				CLANG_WARN_OBJC_ROOT_CLASS = YES_ERROR;
				CLANG_WARN_QUOTED_INCLUDE_IN_FRAMEWORK_HEADER = YES;
				CLANG_WARN_RANGE_LOOP_ANALYSIS = YES;
				CLANG_WARN_STRICT_PROTOTYPES = YES;
				CLANG_WARN_SUSPICIOUS_MOVE = YES;
				CLANG_WARN_UNGUARDED_AVAILABILITY = YES_AGGRESSIVE;
				CLANG_WARN_UNREACHABLE_CODE = YES;
				CLANG_WARN__DUPLICATE_METHOD_MATCH = YES;
				COPY_PHASE_STRIP = NO;
				DEBUG_INFORMATION_FORMAT = "dwarf-with-dsym";
				ENABLE_NS_ASSERTIONS = NO;
				ENABLE_STRICT_OBJC_MSGSEND = YES;
				GCC_C_LANGUAGE_STANDARD = gnu11;
				GCC_NO_COMMON_BLOCKS = YES;
				GCC_WARN_64_TO_32_BIT_CONVERSION = YES;
				GCC_WARN_ABOUT_RETURN_TYPE = YES_ERROR;
				GCC_WARN_UNDECLARED_SELECTOR = YES;
				GCC_WARN_UNINITIALIZED_AUTOS = YES_AGGRESSIVE;
				GCC_WARN_UNUSED_FUNCTION = YES;
				GCC_WARN_UNUSED_VARIABLE = YES;
				IPHONEOS_DEPLOYMENT_TARGET = 16.1;
				MTL_ENABLE_DEBUG_INFO = NO;
				MTL_FAST_MATH = YES;
				SDKROOT = iphoneos;
				SWIFT_COMPILATION_MODE = wholemodule;
				SWIFT_OPTIMIZATION_LEVEL = "-O";
				VALIDATE_PRODUCT = YES;
			};
			name = Release;
		};
		E886F98F2B1079A2001F7A32 /* Debug */ = {
			isa = XCBuildConfiguration;
			baseConfigurationReference = 5835702400A436F7F8534EEB /* Pods-ProyekiOS.debug.xcconfig */;
			buildSettings = {
				ASSETCATALOG_COMPILER_APPICON_NAME = AppIcon;
				ASSETCATALOG_COMPILER_GLOBAL_ACCENT_COLOR_NAME = AccentColor;
				CODE_SIGN_STYLE = Automatic;
				CURRENT_PROJECT_VERSION = 1;
				GENERATE_INFOPLIST_FILE = YES;
				INFOPLIST_FILE = ProyekiOS/Info.plist;
				INFOPLIST_KEY_UIApplicationSupportsIndirectInputEvents = YES;
				INFOPLIST_KEY_UILaunchStoryboardName = Main.storyboard;
				INFOPLIST_KEY_UIMainStoryboardFile = Main;
				INFOPLIST_KEY_UISupportedInterfaceOrientations_iPad = "UIInterfaceOrientationPortrait UIInterfaceOrientationPortraitUpsideDown UIInterfaceOrientationLandscapeLeft UIInterfaceOrientationLandscapeRight";
				INFOPLIST_KEY_UISupportedInterfaceOrientations_iPhone = "UIInterfaceOrientationPortrait UIInterfaceOrientationLandscapeLeft UIInterfaceOrientationLandscapeRight";
				IPHONEOS_DEPLOYMENT_TARGET = 15.4;
				LD_RUNPATH_SEARCH_PATHS = (
					"$(inherited)",
					"@executable_path/Frameworks",
				);
				MARKETING_VERSION = 1.0;
				PRODUCT_BUNDLE_IDENTIFIER = id.petra.ProyekiOS;
				PRODUCT_NAME = "$(TARGET_NAME)";
				SWIFT_EMIT_LOC_STRINGS = YES;
				SWIFT_VERSION = 5.0;
				TARGETED_DEVICE_FAMILY = "1,2";
			};
			name = Debug;
		};
		E886F9902B1079A2001F7A32 /* Release */ = {
			isa = XCBuildConfiguration;
			baseConfigurationReference = C0A6097CE2D60D2B8F644310 /* Pods-ProyekiOS.release.xcconfig */;
			buildSettings = {
				ASSETCATALOG_COMPILER_APPICON_NAME = AppIcon;
				ASSETCATALOG_COMPILER_GLOBAL_ACCENT_COLOR_NAME = AccentColor;
				CODE_SIGN_STYLE = Automatic;
				CURRENT_PROJECT_VERSION = 1;
				GENERATE_INFOPLIST_FILE = YES;
				INFOPLIST_FILE = ProyekiOS/Info.plist;
				INFOPLIST_KEY_UIApplicationSupportsIndirectInputEvents = YES;
				INFOPLIST_KEY_UILaunchStoryboardName = Main.storyboard;
				INFOPLIST_KEY_UIMainStoryboardFile = Main;
				INFOPLIST_KEY_UISupportedInterfaceOrientations_iPad = "UIInterfaceOrientationPortrait UIInterfaceOrientationPortraitUpsideDown UIInterfaceOrientationLandscapeLeft UIInterfaceOrientationLandscapeRight";
				INFOPLIST_KEY_UISupportedInterfaceOrientations_iPhone = "UIInterfaceOrientationPortrait UIInterfaceOrientationLandscapeLeft UIInterfaceOrientationLandscapeRight";
				IPHONEOS_DEPLOYMENT_TARGET = 15.4;
				LD_RUNPATH_SEARCH_PATHS = (
					"$(inherited)",
					"@executable_path/Frameworks",
				);
				MARKETING_VERSION = 1.0;
				PRODUCT_BUNDLE_IDENTIFIER = id.petra.ProyekiOS;
				PRODUCT_NAME = "$(TARGET_NAME)";
				SWIFT_EMIT_LOC_STRINGS = YES;
				SWIFT_VERSION = 5.0;
				TARGETED_DEVICE_FAMILY = "1,2";
			};
			name = Release;
		};
/* End XCBuildConfiguration section */

/* Begin XCConfigurationList section */
		E886F9752B1079A0001F7A32 /* Build configuration list for PBXProject "ProyekiOS" */ = {
			isa = XCConfigurationList;
			buildConfigurations = (
				E886F98C2B1079A2001F7A32 /* Debug */,
				E886F98D2B1079A2001F7A32 /* Release */,
			);
			defaultConfigurationIsVisible = 0;
			defaultConfigurationName = Release;
		};
		E886F98E2B1079A2001F7A32 /* Build configuration list for PBXNativeTarget "ProyekiOS" */ = {
			isa = XCConfigurationList;
			buildConfigurations = (
				E886F98F2B1079A2001F7A32 /* Debug */,
				E886F9902B1079A2001F7A32 /* Release */,
			);
			defaultConfigurationIsVisible = 0;
			defaultConfigurationName = Release;
		};
/* End XCConfigurationList section */
	};
	rootObject = E886F9722B1079A0001F7A32 /* Project object */;
}
